
Microsoft Visual Studio Solution File, Format Version 12.00
# Visual Studio 15
Project("{FAE04EC0-301F-11D3-BF4B-00C04F79EFBC}") = "Assembly-CSharp", "Assembly-CSharp.csproj", "{99AAB324-B9BA-4129-45CE-8D452A97AFE1}"
EndProject
Project("{FAE04EC0-301F-11D3-BF4B-00C04F79EFBC}") = "Assembly-CSharp-Editor", "Assembly-CSharp-Editor.csproj", "{D6B8C24A-9524-098C-473D-6441E79E14B6}"
EndProject
Global
	GlobalSection(SolutionConfigurationPlatforms) = preSolution
		Debug|Any CPU = Debug|Any CPU
		Release|Any CPU = Release|Any CPU
	EndGlobalSection
	GlobalSection(ProjectConfigurationPlatforms) = postSolution
		{99AAB324-B9BA-4129-45CE-8D452A97AFE1}.Debug|Any CPU.ActiveCfg = Debug|Any CPU
		{99AAB324-B9BA-4129-45CE-8D452A97AFE1}.Debug|Any CPU.Build.0 = Debug|Any CPU
		{99AAB324-B9BA-4129-45CE-8D452A97AFE1}.Release|Any CPU.ActiveCfg = Release|Any CPU
		{99AAB324-B9BA-4129-45CE-8D452A97AFE1}.Release|Any CPU.Build.0 = Release|Any CPU
		{D6B8C24A-9524-098C-473D-6441E79E14B6}.Debug|Any CPU.ActiveCfg = Debug|Any CPU
		{D6B8C24A-9524-098C-473D-6441E79E14B6}.Debug|Any CPU.Build.0 = Debug|Any CPU
		{D6B8C24A-9524-098C-473D-6441E79E14B6}.Release|Any CPU.ActiveCfg = Release|Any CPU
		{D6B8C24A-9524-098C-473D-6441E79E14B6}.Release|Any CPU.Build.0 = Release|Any CPU
	EndGlobalSection
	GlobalSection(SolutionProperties) = preSolution
		HideSolutionNode = FALSE
	EndGlobalSection
EndGlobal
